
Microsoft Visual Studio Solution File, Format Version 12.00
# Visual Studio Version 17
VisualStudioVersion = 17.4.33213.308
MinimumVisualStudioVersion = 10.0.40219.1
Project("{FAE04EC0-301F-11D3-BF4B-00C04F79EFBC}") = "MarconyEnamorado", "MarconyEnamorado\MarconyEnamorado.csproj", "{8CE0F7E0-AB9E-4784-856E-044FCD603326}"
EndProject
Global
	GlobalSection(SolutionConfigurationPlatforms) = preSolution
		Debug|Any CPU = Debug|Any CPU
		Release|Any CPU = Release|Any CPU
	EndGlobalSection
	GlobalSection(ProjectConfigurationPlatforms) = postSolution
		{8CE0F7E0-AB9E-4784-856E-044FCD603326}.Debug|Any CPU.ActiveCfg = Debug|Any CPU
		{8CE0F7E0-AB9E-4784-856E-044FCD603326}.Debug|Any CPU.Build.0 = Debug|Any CPU
		{8CE0F7E0-AB9E-4784-856E-044FCD603326}.Release|Any CPU.ActiveCfg = Release|Any CPU
		{8CE0F7E0-AB9E-4784-856E-044FCD603326}.Release|Any CPU.Build.0 = Release|Any CPU
	EndGlobalSection
	GlobalSection(SolutionProperties) = preSolution
		HideSolutionNode = FALSE
	EndGlobalSection
	GlobalSection(ExtensibilityGlobals) = postSolution
		SolutionGuid = {596503A4-760A-4205-809F-F749E36675B0}
	EndGlobalSection
EndGlobal
